
Microsoft Visual Studio Solution File, Format Version 12.00
# Visual Studio Version 16
VisualStudioVersion = 16.0.31112.23
MinimumVisualStudioVersion = 10.0.40219.1
Project("{FAE04EC0-301F-11D3-BF4B-00C04F79EFBC}") = "RESTWithASPNETUdemy", "RESTWithASPNETUdemy\RESTWithASPNETUdemy.csproj", "{74C5A2D9-3682-4D48-A31E-750A82912EBD}"
EndProject
Project("{FAE04EC0-301F-11D3-BF4B-00C04F79EFBC}") = "Application", "Application\Application.csproj", "{F979E1BD-4665-4D28-B960-705E64EB51D7}"
EndProject
Project("{FAE04EC0-301F-11D3-BF4B-00C04F79EFBC}") = "Domain", "Domain\Domain.csproj", "{87815BE0-4083-47CD-ABF3-8FE8ED8EA176}"
EndProject
Project("{FAE04EC0-301F-11D3-BF4B-00C04F79EFBC}") = "Repository", "Repository\Repository.csproj", "{B050F065-1079-4659-A210-265CD19D1876}"
EndProject
Global
	GlobalSection(SolutionConfigurationPlatforms) = preSolution
		Debug|Any CPU = Debug|Any CPU
		Release|Any CPU = Release|Any CPU
	EndGlobalSection
	GlobalSection(ProjectConfigurationPlatforms) = postSolution
		{74C5A2D9-3682-4D48-A31E-750A82912EBD}.Debug|Any CPU.ActiveCfg = Debug|Any CPU
		{74C5A2D9-3682-4D48-A31E-750A82912EBD}.Debug|Any CPU.Build.0 = Debug|Any CPU
		{74C5A2D9-3682-4D48-A31E-750A82912EBD}.Release|Any CPU.ActiveCfg = Release|Any CPU
		{74C5A2D9-3682-4D48-A31E-750A82912EBD}.Release|Any CPU.Build.0 = Release|Any CPU
		{F979E1BD-4665-4D28-B960-705E64EB51D7}.Debug|Any CPU.ActiveCfg = Debug|Any CPU
		{F979E1BD-4665-4D28-B960-705E64EB51D7}.Debug|Any CPU.Build.0 = Debug|Any CPU
		{F979E1BD-4665-4D28-B960-705E64EB51D7}.Release|Any CPU.ActiveCfg = Release|Any CPU
		{F979E1BD-4665-4D28-B960-705E64EB51D7}.Release|Any CPU.Build.0 = Release|Any CPU
		{87815BE0-4083-47CD-ABF3-8FE8ED8EA176}.Debug|Any CPU.ActiveCfg = Debug|Any CPU
		{87815BE0-4083-47CD-ABF3-8FE8ED8EA176}.Debug|Any CPU.Build.0 = Debug|Any CPU
		{87815BE0-4083-47CD-ABF3-8FE8ED8EA176}.Release|Any CPU.ActiveCfg = Release|Any CPU
		{87815BE0-4083-47CD-ABF3-8FE8ED8EA176}.Release|Any CPU.Build.0 = Release|Any CPU
		{B050F065-1079-4659-A210-265CD19D1876}.Debug|Any CPU.ActiveCfg = Debug|Any CPU
		{B050F065-1079-4659-A210-265CD19D1876}.Debug|Any CPU.Build.0 = Debug|Any CPU
		{B050F065-1079-4659-A210-265CD19D1876}.Release|Any CPU.ActiveCfg = Release|Any CPU
		{B050F065-1079-4659-A210-265CD19D1876}.Release|Any CPU.Build.0 = Release|Any CPU
	EndGlobalSection
	GlobalSection(SolutionProperties) = preSolution
		HideSolutionNode = FALSE
	EndGlobalSection
	GlobalSection(ExtensibilityGlobals) = postSolution
		SolutionGuid = {C370F3EE-5DCD-4772-B691-98E35113A5BA}
	EndGlobalSection
EndGlobal
